
Microsoft Visual Studio Solution File, Format Version 12.00
# Visual Studio Version 17
VisualStudioVersion = 17.10.35013.160
MinimumVisualStudioVersion = 10.0.40219.1
Project("{FAE04EC0-301F-11D3-BF4B-00C04F79EFBC}") = "plataformaEstudiantes", "plataformaEstudiantes.csproj", "{75CCE886-B88D-4370-9D1B-A765B72EC03F}"
EndProject
Global
	GlobalSection(SolutionConfigurationPlatforms) = preSolution
		Debug|Any CPU = Debug|Any CPU
		Release|Any CPU = Release|Any CPU
	EndGlobalSection
	GlobalSection(ProjectConfigurationPlatforms) = postSolution
		{75CCE886-B88D-4370-9D1B-A765B72EC03F}.Debug|Any CPU.ActiveCfg = Debug|Any CPU
		{75CCE886-B88D-4370-9D1B-A765B72EC03F}.Debug|Any CPU.Build.0 = Debug|Any CPU
		{75CCE886-B88D-4370-9D1B-A765B72EC03F}.Release|Any CPU.ActiveCfg = Release|Any CPU
		{75CCE886-B88D-4370-9D1B-A765B72EC03F}.Release|Any CPU.Build.0 = Release|Any CPU
	EndGlobalSection
	GlobalSection(SolutionProperties) = preSolution
		HideSolutionNode = FALSE
	EndGlobalSection
	GlobalSection(ExtensibilityGlobals) = postSolution
		SolutionGuid = {0DB119BB-FC3D-4B7C-9D25-0CBA18AC434C}
	EndGlobalSection
EndGlobal
